
Microsoft Visual Studio Solution File, Format Version 12.00
# Visual Studio Version 16
VisualStudioVersion = 16.0.30413.136
MinimumVisualStudioVersion = 10.0.40219.1
Project("{FAE04EC0-301F-11D3-BF4B-00C04F79EFBC}") = "WebApi", "WebApi\WebApi.csproj", "{6366890D-A970-479A-8592-5920D88B757C}"
EndProject
Project("{FAE04EC0-301F-11D3-BF4B-00C04F79EFBC}") = "LibraryMvc", "LibraryMvc\LibraryMvc.csproj", "{52B505F7-0026-4040-9C7E-DCFD24E0A811}"
EndProject
Global
	GlobalSection(SolutionConfigurationPlatforms) = preSolution
		Debug|Any CPU = Debug|Any CPU
		Release|Any CPU = Release|Any CPU
	EndGlobalSection
	GlobalSection(ProjectConfigurationPlatforms) = postSolution
		{6366890D-A970-479A-8592-5920D88B757C}.Debug|Any CPU.ActiveCfg = Debug|Any CPU
		{6366890D-A970-479A-8592-5920D88B757C}.Debug|Any CPU.Build.0 = Debug|Any CPU
		{6366890D-A970-479A-8592-5920D88B757C}.Release|Any CPU.ActiveCfg = Release|Any CPU
		{6366890D-A970-479A-8592-5920D88B757C}.Release|Any CPU.Build.0 = Release|Any CPU
		{52B505F7-0026-4040-9C7E-DCFD24E0A811}.Debug|Any CPU.ActiveCfg = Debug|Any CPU
		{52B505F7-0026-4040-9C7E-DCFD24E0A811}.Debug|Any CPU.Build.0 = Debug|Any CPU
		{52B505F7-0026-4040-9C7E-DCFD24E0A811}.Release|Any CPU.ActiveCfg = Release|Any CPU
		{52B505F7-0026-4040-9C7E-DCFD24E0A811}.Release|Any CPU.Build.0 = Release|Any CPU
	EndGlobalSection
	GlobalSection(SolutionProperties) = preSolution
		HideSolutionNode = FALSE
	EndGlobalSection
	GlobalSection(ExtensibilityGlobals) = postSolution
		SolutionGuid = {E8633990-DEDE-43C6-8F23-F00C91E73BE8}
	EndGlobalSection
EndGlobal
